<?xml version="1.0" encoding="utf-8"?>
<Project ToolsVersion="4.0" xmlns="http://schemas.microsoft.com/developer/msbuild/2003">
  <ItemGroup>
    <ClInclude Include="$(MSBuildThisFileDirectory)pch.h" />
    <ClInclude Include="$(MSBuildThisFileDirectory)Game.h" />
    <ClInclude Include="$(MSBuildThisFileDirectory)WICTextureLoader.h" />
    <ClInclude Include="$(MSBuildThisFileDirectory)PlatformHelpers.h" />
    <ClInclude Include="$(MSBuildThisFileDirectory)GameHelper.h" />
    <ClInclude Include="$(MSBuildThisFileDirectory)Cube.h" />
  </ItemGroup>
  <ItemGroup>
    <ClCompile Include="$(MSBuildThisFileDirectory)pch.cpp" />
    <ClCompile Include="$(MSBuildThisFileDirectory)main.cpp" />
    <ClCompile Include="$(MSBuildThisFileDirectory)Game.cpp" />
    <ClCompile Include="$(MSBuildThisFileDirectory)WICTextureLoader.cpp" />
    <ClCompile Include="$(MSBuildThisFileDirectory)GameHelper.cpp" />
    <ClCompile Include="$(MSBuildThisFileDirectory)Cube.cpp" />
  </ItemGroup>
  <ItemGroup>
    <Filter Include="Common">
      <UniqueIdentifier>{347fca2d-311b-4b35-9ed3-0f2071d3ad04}</UniqueIdentifier>
    </Filter>
    <Filter Include="Content">
      <UniqueIdentifier>{dffb792d-ef1a-43d5-ac38-32ebe5c70131}</UniqueIdentifier>
    </Filter>
  </ItemGroup>
  <ItemGroup>
    <FxCompile Include="$(MSBuildThisFileDirectory)PixelShader.hlsl" />
    <FxCompile Include="$(MSBuildThisFileDirectory)VertexShader.hlsl" />
  </ItemGroup>
  <ItemGroup>
    <Image Include="$(MSBuildThisFileDirectory)Wood.png" />
    <Image Include="$(MSBuildThisFileDirectory)bricks.png" />
  </ItemGroup>
</Project>